# This file was autogenerated by Stack.
# You should not edit this file by hand.
# For more information, please see the documentation at:
#   https://docs.haskellstack.org/en/stable/lock_files

packages:
- completed:
    subdir: llvm-hs
    name: llvm-hs
    version: 9.0.1.1
    git: git@github.com:llvm-hs/llvm-hs.git
    pantry-tree:
      size: 14018
      sha256: 7336db96faddbf178009d31aaa1b3d78d3c86d2b3aca352f43c0a1e1048ff50f
    commit: b518fe11241e8aea40760eee9cd95421ef772646
  original:
    subdir: llvm-hs
    git: git@github.com:llvm-hs/llvm-hs.git
    commit: b518fe11241e8aea40760eee9cd95421ef772646
- completed:
    subdir: llvm-hs-pure
    name: llvm-hs-pure
    version: 9.0.1.1
    git: git@github.com:llvm-hs/llvm-hs.git
    pantry-tree:
      size: 2652
      sha256: d37ef8f581bd37a284e30632e63ba3dcd0a2850ce9abc70aefce82a4256592ab
    commit: b518fe11241e8aea40760eee9cd95421ef772646
  original:
    subdir: llvm-hs-pure
    git: git@github.com:llvm-hs/llvm-hs.git
    commit: b518fe11241e8aea40760eee9cd95421ef772646
snapshots:
- completed:
    size: 491373
    url: https://raw.githubusercontent.com/commercialhaskell/stackage-snapshots/master/lts/15/3.yaml
    sha256: 29e9ff61b8bf4b4fcff55cde3ac106ebb971f0d21331dccac9eee63374fa6ca8
  original: lts-15.3
